
Microsoft Visual Studio Solution File, Format Version 12.00
# Visual Studio 15
VisualStudioVersion = 15.0.28010.2048
MinimumVisualStudioVersion = 10.0.40219.1
Project("{FAE04EC0-301F-11D3-BF4B-00C04F79EFBC}") = "AreasTestApp", "AreasTestApp\AreasTestApp.csproj", "{5383E415-7808-4C6F-A8B0-87B9A43D37AA}"
EndProject
Global
	GlobalSection(SolutionConfigurationPlatforms) = preSolution
		Debug|Any CPU = Debug|Any CPU
		Release|Any CPU = Release|Any CPU
	EndGlobalSection
	GlobalSection(ProjectConfigurationPlatforms) = postSolution
		{5383E415-7808-4C6F-A8B0-87B9A43D37AA}.Debug|Any CPU.ActiveCfg = Debug|Any CPU
		{5383E415-7808-4C6F-A8B0-87B9A43D37AA}.Debug|Any CPU.Build.0 = Debug|Any CPU
		{5383E415-7808-4C6F-A8B0-87B9A43D37AA}.Release|Any CPU.ActiveCfg = Release|Any CPU
		{5383E415-7808-4C6F-A8B0-87B9A43D37AA}.Release|Any CPU.Build.0 = Release|Any CPU
	EndGlobalSection
	GlobalSection(SolutionProperties) = preSolution
		HideSolutionNode = FALSE
	EndGlobalSection
	GlobalSection(ExtensibilityGlobals) = postSolution
		SolutionGuid = {C01A7D17-4842-4D02-B105-E853A6689F32}
	EndGlobalSection
EndGlobal
